
Microsoft Visual Studio Solution File, Format Version 12.00
# Visual Studio 15
VisualStudioVersion = 15.0.27703.2035
MinimumVisualStudioVersion = 10.0.40219.1
Project("{FAE04EC0-301F-11D3-BF4B-00C04F79EFBC}") = "SampleWebApi", "SampleWebApi\SampleWebApi.csproj", "{1F70C189-5825-4688-90CD-C81D5560B717}"
EndProject
Global
	GlobalSection(SolutionConfigurationPlatforms) = preSolution
		Debug|Any CPU = Debug|Any CPU
		Release|Any CPU = Release|Any CPU
	EndGlobalSection
	GlobalSection(ProjectConfigurationPlatforms) = postSolution
		{1F70C189-5825-4688-90CD-C81D5560B717}.Debug|Any CPU.ActiveCfg = Debug|Any CPU
		{1F70C189-5825-4688-90CD-C81D5560B717}.Debug|Any CPU.Build.0 = Debug|Any CPU
		{1F70C189-5825-4688-90CD-C81D5560B717}.Release|Any CPU.ActiveCfg = Release|Any CPU
		{1F70C189-5825-4688-90CD-C81D5560B717}.Release|Any CPU.Build.0 = Release|Any CPU
	EndGlobalSection
	GlobalSection(SolutionProperties) = preSolution
		HideSolutionNode = FALSE
	EndGlobalSection
	GlobalSection(ExtensibilityGlobals) = postSolution
		SolutionGuid = {96DB15A5-1F52-4F4E-B8EF-AAB2189A1428}
	EndGlobalSection
EndGlobal
