
Microsoft Visual Studio Solution File, Format Version 12.00
# Visual Studio 15
VisualStudioVersion = 15.0.28307.757
MinimumVisualStudioVersion = 10.0.40219.1
Project("{FAE04EC0-301F-11D3-BF4B-00C04F79EFBC}") = "AtCoderConsole", "AtCoderConsole\AtCoderConsole.csproj", "{2AF02AA0-24C9-43BE-985F-24FF3E14B9AB}"
EndProject
Global
	GlobalSection(SolutionConfigurationPlatforms) = preSolution
		Debug|Any CPU = Debug|Any CPU
		Release|Any CPU = Release|Any CPU
	EndGlobalSection
	GlobalSection(ProjectConfigurationPlatforms) = postSolution
		{2AF02AA0-24C9-43BE-985F-24FF3E14B9AB}.Debug|Any CPU.ActiveCfg = Debug|Any CPU
		{2AF02AA0-24C9-43BE-985F-24FF3E14B9AB}.Debug|Any CPU.Build.0 = Debug|Any CPU
		{2AF02AA0-24C9-43BE-985F-24FF3E14B9AB}.Release|Any CPU.ActiveCfg = Release|Any CPU
		{2AF02AA0-24C9-43BE-985F-24FF3E14B9AB}.Release|Any CPU.Build.0 = Release|Any CPU
	EndGlobalSection
	GlobalSection(SolutionProperties) = preSolution
		HideSolutionNode = FALSE
	EndGlobalSection
	GlobalSection(ExtensibilityGlobals) = postSolution
		SolutionGuid = {848F9BE2-2FC8-4B96-9257-FA4648742D4C}
	EndGlobalSection
EndGlobal
